
Microsoft Visual Studio Solution File, Format Version 12.00
# Visual Studio Version 17
VisualStudioVersion = 17.7.34202.233
MinimumVisualStudioVersion = 10.0.40219.1
Project("{9A19103F-16F7-4668-BE54-9A1E7A4F7556}") = "BuoiToi", "BuoiToi\BuoiToi.csproj", "{B42CA80A-BBB6-45AE-82E8-CA2018DAAB76}"
EndProject
Project("{2150E333-8FDC-42A3-9474-1A3956D46DE8}") = "Uploads", "Uploads", "{D5E0A22C-5FB4-4F2E-AA61-F02BEFE632D3}"
EndProject
Global
	GlobalSection(SolutionConfigurationPlatforms) = preSolution
		Debug|Any CPU = Debug|Any CPU
		Release|Any CPU = Release|Any CPU
	EndGlobalSection
	GlobalSection(ProjectConfigurationPlatforms) = postSolution
		{B42CA80A-BBB6-45AE-82E8-CA2018DAAB76}.Debug|Any CPU.ActiveCfg = Debug|Any CPU
		{B42CA80A-BBB6-45AE-82E8-CA2018DAAB76}.Debug|Any CPU.Build.0 = Debug|Any CPU
		{B42CA80A-BBB6-45AE-82E8-CA2018DAAB76}.Release|Any CPU.ActiveCfg = Release|Any CPU
		{B42CA80A-BBB6-45AE-82E8-CA2018DAAB76}.Release|Any CPU.Build.0 = Release|Any CPU
	EndGlobalSection
	GlobalSection(SolutionProperties) = preSolution
		HideSolutionNode = FALSE
	EndGlobalSection
	GlobalSection(ExtensibilityGlobals) = postSolution
		SolutionGuid = {B0E256A3-BBFB-4BDD-81BB-1B8DDFA5935E}
	EndGlobalSection
EndGlobal
